{
    "name": "common",
    "version": "0.0.1",
    "lockfileVersion": 3,
    "requires": true,
    "packages": {
        "": {
            "name": "common",
            "version": "0.0.1",
            "license": "MIT",
            "dependencies": {
                "ip-address": "^9.0.5",
                "ip-num": "^1.5.1"
            },
            "devDependencies": {
                "@types/jsbn": "^1.2.33",
                "@types/node": "^20.11.24"
            }
        },
        "node_modules/@types/jsbn": {
            "version": "1.2.33",
            "resolved": "https://registry.npmjs.org/@types/jsbn/-/jsbn-1.2.33.tgz",
            "integrity": "sha512-ZlLkHfu8xqqVFSbCe1FSPtAMUs7LKxk7TPskMb+sI5IbuzqyVqIEt9SVaQfFD2vrFcQunqKAmEBOuBEkoNLw4g==",
            "dev": true
        },
        "node_modules/@types/node": {
            "version": "20.11.24",
            "resolved": "https://registry.npmjs.org/@types/node/-/node-20.11.24.tgz",
            "integrity": "sha512-Kza43ewS3xoLgCEpQrsT+xRo/EJej1y0kVYGiLFE1NEODXGzTfwiC6tXTLMQskn1X4/Rjlh0MQUvx9W+L9long==",
            "dev": true,
            "dependencies": {
                "undici-types": "~5.26.4"
            }
        },
        "node_modules/ip-address": {
            "version": "9.0.5",
            "resolved": "https://registry.npmjs.org/ip-address/-/ip-address-9.0.5.tgz",
            "integrity": "sha512-zHtQzGojZXTwZTHQqra+ETKd4Sn3vgi7uBmlPoXVWZqYvuKmtI0l/VZTjqGmJY9x88GGOaZ9+G9ES8hC4T4X8g==",
            "dependencies": {
                "jsbn": "1.1.0",
                "sprintf-js": "^1.1.3"
            },
            "engines": {
                "node": ">= 12"
            }
        },
        "node_modules/ip-num": {
            "version": "1.5.1",
            "resolved": "https://registry.npmjs.org/ip-num/-/ip-num-1.5.1.tgz",
            "integrity": "sha512-QziFxgxq3mjIf5CuwlzXFYscHxgLqdEdJKRo2UJ5GurL5zrSRMzT/O+nK0ABimoFH8MWF8YwIiwECYsHc1LpUQ=="
        },
        "node_modules/jsbn": {
            "version": "1.1.0",
            "resolved": "https://registry.npmjs.org/jsbn/-/jsbn-1.1.0.tgz",
            "integrity": "sha512-4bYVV3aAMtDTTu4+xsDYa6sy9GyJ69/amsu9sYF2zqjiEoZA5xJi3BrfX3uY+/IekIu7MwdObdbDWpoZdBv3/A=="
        },
        "node_modules/sprintf-js": {
            "version": "1.1.3",
            "resolved": "https://registry.npmjs.org/sprintf-js/-/sprintf-js-1.1.3.tgz",
            "integrity": "sha512-Oo+0REFV59/rz3gfJNKQiBlwfHaSESl1pcGyABQsnnIfWOFt6JNj5gCog2U6MLZ//IGYD+nA8nI+mTShREReaA=="
        },
        "node_modules/undici-types": {
            "version": "5.26.5",
            "resolved": "https://registry.npmjs.org/undici-types/-/undici-types-5.26.5.tgz",
            "integrity": "sha512-JlCMO+ehdEIKqlFxk6IfVoAUVmgz7cU7zD/h9XZ0qzeosSHmUJVOzSQvvYSYWXkFXC+IfLKSIffhv0sVZup6pA==",
            "dev": true
        }
    }
}
